
Microsoft Visual Studio Solution File, Format Version 12.00
# Visual Studio Version 16
VisualStudioVersion = 16.0.30114.105
MinimumVisualStudioVersion = 10.0.40219.1
Project("{FAE04EC0-301F-11D3-BF4B-00C04F79EFBC}") = "libdata", "libdata\libdata.csproj", "{2482436D-EE9E-48BB-8CE6-D3EF6B63C5D9}"
EndProject
Project("{FAE04EC0-301F-11D3-BF4B-00C04F79EFBC}") = "libcrypt", "libcrypt\libcrypt.csproj", "{6BF176D0-D39B-40E2-A0AF-9ED3870DABCA}"
EndProject
Project("{FAE04EC0-301F-11D3-BF4B-00C04F79EFBC}") = "createcert", "createcert\createcert.csproj", "{58CC5F5D-DEE0-4A6C-ACB5-26AF3946FF4D}"
EndProject
Project("{FAE04EC0-301F-11D3-BF4B-00C04F79EFBC}") = "createdata", "createdata\createdata.csproj", "{767A9C37-EE74-45A4-AC76-3DE8D649BF9C}"
EndProject
Project("{FAE04EC0-301F-11D3-BF4B-00C04F79EFBC}") = "encrypt", "encrypt\encrypt.csproj", "{3681AD1C-CE51-4851-87B5-EF95285CCCC8}"
EndProject
Project("{FAE04EC0-301F-11D3-BF4B-00C04F79EFBC}") = "decrypt", "decrypt\decrypt.csproj", "{F201C3F9-53C6-43A5-BA7B-2EF9332300F1}"
EndProject
Global
	GlobalSection(SolutionConfigurationPlatforms) = preSolution
		Debug|Any CPU = Debug|Any CPU
		Release|Any CPU = Release|Any CPU
	EndGlobalSection
	GlobalSection(SolutionProperties) = preSolution
		HideSolutionNode = FALSE
	EndGlobalSection
	GlobalSection(ProjectConfigurationPlatforms) = postSolution
		{2482436D-EE9E-48BB-8CE6-D3EF6B63C5D9}.Debug|Any CPU.ActiveCfg = Debug|Any CPU
		{2482436D-EE9E-48BB-8CE6-D3EF6B63C5D9}.Debug|Any CPU.Build.0 = Debug|Any CPU
		{2482436D-EE9E-48BB-8CE6-D3EF6B63C5D9}.Release|Any CPU.ActiveCfg = Release|Any CPU
		{2482436D-EE9E-48BB-8CE6-D3EF6B63C5D9}.Release|Any CPU.Build.0 = Release|Any CPU
		{6BF176D0-D39B-40E2-A0AF-9ED3870DABCA}.Debug|Any CPU.ActiveCfg = Debug|Any CPU
		{6BF176D0-D39B-40E2-A0AF-9ED3870DABCA}.Debug|Any CPU.Build.0 = Debug|Any CPU
		{6BF176D0-D39B-40E2-A0AF-9ED3870DABCA}.Release|Any CPU.ActiveCfg = Release|Any CPU
		{6BF176D0-D39B-40E2-A0AF-9ED3870DABCA}.Release|Any CPU.Build.0 = Release|Any CPU
		{58CC5F5D-DEE0-4A6C-ACB5-26AF3946FF4D}.Debug|Any CPU.ActiveCfg = Debug|Any CPU
		{58CC5F5D-DEE0-4A6C-ACB5-26AF3946FF4D}.Debug|Any CPU.Build.0 = Debug|Any CPU
		{58CC5F5D-DEE0-4A6C-ACB5-26AF3946FF4D}.Release|Any CPU.ActiveCfg = Release|Any CPU
		{58CC5F5D-DEE0-4A6C-ACB5-26AF3946FF4D}.Release|Any CPU.Build.0 = Release|Any CPU
		{767A9C37-EE74-45A4-AC76-3DE8D649BF9C}.Debug|Any CPU.ActiveCfg = Debug|Any CPU
		{767A9C37-EE74-45A4-AC76-3DE8D649BF9C}.Debug|Any CPU.Build.0 = Debug|Any CPU
		{767A9C37-EE74-45A4-AC76-3DE8D649BF9C}.Release|Any CPU.ActiveCfg = Release|Any CPU
		{767A9C37-EE74-45A4-AC76-3DE8D649BF9C}.Release|Any CPU.Build.0 = Release|Any CPU
		{3681AD1C-CE51-4851-87B5-EF95285CCCC8}.Debug|Any CPU.ActiveCfg = Debug|Any CPU
		{3681AD1C-CE51-4851-87B5-EF95285CCCC8}.Debug|Any CPU.Build.0 = Debug|Any CPU
		{3681AD1C-CE51-4851-87B5-EF95285CCCC8}.Release|Any CPU.ActiveCfg = Release|Any CPU
		{3681AD1C-CE51-4851-87B5-EF95285CCCC8}.Release|Any CPU.Build.0 = Release|Any CPU
		{F201C3F9-53C6-43A5-BA7B-2EF9332300F1}.Debug|Any CPU.ActiveCfg = Debug|Any CPU
		{F201C3F9-53C6-43A5-BA7B-2EF9332300F1}.Debug|Any CPU.Build.0 = Debug|Any CPU
		{F201C3F9-53C6-43A5-BA7B-2EF9332300F1}.Release|Any CPU.ActiveCfg = Release|Any CPU
		{F201C3F9-53C6-43A5-BA7B-2EF9332300F1}.Release|Any CPU.Build.0 = Release|Any CPU
	EndGlobalSection
EndGlobal
